version = 1
revision = 1
requires-python = ">=3.12"

[[package]]
name = "beautifulsoup4"
version = "4.13.4"
source = { registry = "https://pypi.org/simple" }
dependencies = [
    { name = "soupsieve" },
    { name = "typing-extensions" },
]
sdist = { url = "https://files.pythonhosted.org/packages/d8/e4/0c4c39e18fd76d6a628d4dd8da40543d136ce2d1752bd6eeeab0791f4d6b/beautifulsoup4-4.13.4.tar.gz", hash = "sha256:dbb3c4e1ceae6aefebdaf2423247260cd062430a410e38c66f2baa50a8437195", size = 621067 }
wheels = [
    { url = "https://files.pythonhosted.org/packages/50/cd/30110dc0ffcf3b131156077b90e9f60ed75711223f306da4db08eff8403b/beautifulsoup4-4.13.4-py3-none-any.whl", hash = "sha256:9bbbb14bfde9d79f38b8cd5f8c7c85f4b8f2523190ebed90e950a8dea4cb1c4b", size = 187285 },
]

[[package]]
name = "bs4"
version = "0.0.2"
source = { registry = "https://pypi.org/simple" }
dependencies = [
    { name = "beautifulsoup4" },
]
sdist = { url = "https://files.pythonhosted.org/packages/c9/aa/4acaf814ff901145da37332e05bb510452ebed97bc9602695059dd46ef39/bs4-0.0.2.tar.gz", hash = "sha256:a48685c58f50fe127722417bae83fe6badf500d54b55f7e39ffe43b798653925", size = 698 }
wheels = [
    { url = "https://files.pythonhosted.org/packages/51/bb/bf7aab772a159614954d84aa832c129624ba6c32faa559dfb200a534e50b/bs4-0.0.2-py2.py3-none-any.whl", hash = "sha256:abf8742c0805ef7f662dce4b51cca104cffe52b835238afc169142ab9b3fbccc", size = 1189 },
]

[[package]]
name = "chardet"
version = "5.2.0"
source = { registry = "https://pypi.org/simple" }
sdist = { url = "https://files.pythonhosted.org/packages/f3/0d/f7b6ab21ec75897ed80c17d79b15951a719226b9fababf1e40ea74d69079/chardet-5.2.0.tar.gz", hash = "sha256:1b3b6ff479a8c414bc3fa2c0852995695c4a026dcd6d0633b2dd092ca39c1cf7", size = 2069618 }
wheels = [
    { url = "https://files.pythonhosted.org/packages/38/6f/f5fbc992a329ee4e0f288c1fe0e2ad9485ed064cac731ed2fe47dcc38cbf/chardet-5.2.0-py3-none-any.whl", hash = "sha256:e1cf59446890a00105fe7b7912492ea04b6e6f06d4b742b2c788469e34c82970", size = 199385 },
]

[[package]]
name = "colorama"
version = "0.4.6"
source = { registry = "https://pypi.org/simple" }
sdist = { url = "https://files.pythonhosted.org/packages/d8/53/6f443c9a4a8358a93a6792e2acffb9d9d5cb0a5cfd8802644b7b1c9a02e4/colorama-0.4.6.tar.gz", hash = "sha256:08695f5cb7ed6e0531a20572697297273c47b8cae5a63ffc6d6ed5c201be6e44", size = 27697 }
wheels = [
    { url = "https://files.pythonhosted.org/packages/d1/d6/3965ed04c63042e047cb6a3e6ed1a63a35087b6a609aa3a15ed8ac56c221/colorama-0.4.6-py2.py3-none-any.whl", hash = "sha256:4f1d9991f5acc0ca119f9d443620b77f9d6b33703e51011c16baf57afb285fc6", size = 25335 },
]

[[package]]
name = "coverage"
version = "7.10.0"
source = { registry = "https://pypi.org/simple" }
sdist = { url = "https://files.pythonhosted.org/packages/6d/8f/6ac7fbb29e35645065f7be835bfe3e0cce567f80390de2f3db65d83cb5e3/coverage-7.10.0.tar.gz", hash = "sha256:2768885aef484b5dcde56262cbdfba559b770bfc46994fe9485dc3614c7a5867", size = 819816 }
wheels = [
    { url = "https://files.pythonhosted.org/packages/b6/b4/7b419bb368c9f0b88889cb24805164f6e5550d7183fb59524f6173e0cf0b/coverage-7.10.0-cp312-cp312-macosx_10_13_x86_64.whl", hash = "sha256:a2adcfdaf3b4d69b0c64ad024fe9dd6996782b52790fb6033d90f36f39e287df", size = 215124 },
    { url = "https://files.pythonhosted.org/packages/f4/15/d862a806734c7e50fd5350cef18e22832ba3cdad282ca5660d6fd49def92/coverage-7.10.0-cp312-cp312-macosx_11_0_arm64.whl", hash = "sha256:2d7b27c2c0840e8eeff3f1963782bd9d3bc767488d2e67a31de18d724327f9f6", size = 215364 },
    { url = "https://files.pythonhosted.org/packages/a6/93/4671ca5b2f3650c961a01252cbad96cb41f7c0c2b85c6062f27740a66b06/coverage-7.10.0-cp312-cp312-manylinux1_i686.manylinux_2_28_i686.manylinux_2_5_i686.whl", hash = "sha256:0ed50429786e935517570b08576a661fd79032e6060985ab492b9d39ba8e66ee", size = 246369 },
    { url = "https://files.pythonhosted.org/packages/64/79/2ca676c712d0540df0d7957a4266232980b60858a7a654846af1878cfde0/coverage-7.10.0-cp312-cp312-manylinux1_x86_64.manylinux_2_28_x86_64.manylinux_2_5_x86_64.whl", hash = "sha256:7171c139ab6571d70460ecf788b1dcaf376bfc75a42e1946b8c031d062bbbad4", size = 248798 },
    { url = "https://files.pythonhosted.org/packages/82/c5/67e000b03ba5291f915ddd6ba7c3333e4fdee9ba003b914c8f8f2d966dfe/coverage-7.10.0-cp312-cp312-manylinux2014_aarch64.manylinux_2_17_aarch64.manylinux_2_28_aarch64.whl", hash = "sha256:4a726aac7e6e406e403cdee4c443a13aed3ea3d67d856414c5beacac2e70c04e", size = 250260 },
    { url = "https://files.pythonhosted.org/packages/9d/76/196783c425b5633db5c789b02a023858377bd73e4db4c805c2503cc42bbf/coverage-7.10.0-cp312-cp312-musllinux_1_2_aarch64.whl", hash = "sha256:2886257481a14e953e96861a00c0fe7151117a523f0470a51e392f00640bba03", size = 248171 },
    { url = "https://files.pythonhosted.org/packages/83/1f/bf86c75f42de3641b4bbeab9712ec2815a3a8f5939768077245a492fad9f/coverage-7.10.0-cp312-cp312-musllinux_1_2_i686.whl", hash = "sha256:536578b79521e59c385a2e0a14a5dc2a8edd58761a966d79368413e339fc9535", size = 246368 },
    { url = "https://files.pythonhosted.org/packages/2d/95/bfc9a3abef0b160404438e82ec778a0f38660c66a4b0ed94d0417d4d2290/coverage-7.10.0-cp312-cp312-musllinux_1_2_x86_64.whl", hash = "sha256:77fae95558f7804a9ceefabf3c38ad41af1da92b39781b87197c6440dcaaa967", size = 247578 },
    { url = "https://files.pythonhosted.org/packages/c6/7e/4fb2a284d56fe2a3ba0c76806923014854a64e503dc8ce21e5a2e6497eea/coverage-7.10.0-cp312-cp312-win32.whl", hash = "sha256:97803e14736493eb029558e1502fe507bd6a08af277a5c8eeccf05c3e970cb84", size = 217521 },
    { url = "https://files.pythonhosted.org/packages/f7/30/3ab51058b75e9931fc48594d79888396cf009910fabebe12a6a636ab7f9e/coverage-7.10.0-cp312-cp312-win_amd64.whl", hash = "sha256:4c73ab554e54ffd38d114d6bc4a7115fb0c840cf6d8622211bee3da26e4bd25d", size = 218308 },
    { url = "https://files.pythonhosted.org/packages/b0/34/2adc74fd132eaa1873b1688acb906b477216074ed8a37e90426eca6d2900/coverage-7.10.0-cp312-cp312-win_arm64.whl", hash = "sha256:3ae95d5a9aedab853641026b71b2ddd01983a0a7e9bf870a20ef3c8f5d904699", size = 216706 },
    { url = "https://files.pythonhosted.org/packages/fc/a7/a47f64718c2229b7860a334edd4e6ff41ec8513f3d3f4246284610344392/coverage-7.10.0-cp313-cp313-macosx_10_13_x86_64.whl", hash = "sha256:d883fee92b9245c0120fa25b5d36de71ccd4cfc29735906a448271e935d8d86d", size = 215143 },
    { url = "https://files.pythonhosted.org/packages/ea/86/14d76a409e9ffab10d5aece73ac159dbd102fc56627e203413bfc6d53b24/coverage-7.10.0-cp313-cp313-macosx_11_0_arm64.whl", hash = "sha256:c87e59e88268d30e33d3665ede4fbb77b513981a2df0059e7c106ca3de537586", size = 215401 },
    { url = "https://files.pythonhosted.org/packages/f4/b3/fb5c28148a19035a3877fac4e40b044a4c97b24658c980bcf7dff18bfab8/coverage-7.10.0-cp313-cp313-manylinux1_i686.manylinux_2_28_i686.manylinux_2_5_i686.whl", hash = "sha256:f669d969f669a11d6ceee0b733e491d9a50573eb92a71ffab13b15f3aa2665d4", size = 245949 },
    { url = "https://files.pythonhosted.org/packages/6d/95/357559ecfe73970d2023845797361e6c2e6c2c05f970073fff186fe19dd7/coverage-7.10.0-cp313-cp313-manylinux1_x86_64.manylinux_2_28_x86_64.manylinux_2_5_x86_64.whl", hash = "sha256:9582bd6c6771300a847d328c1c4204e751dbc339a9e249eecdc48cada41f72e6", size = 248295 },
    { url = "https://files.pythonhosted.org/packages/7e/58/bac5bc43085712af201f76a24733895331c475e5ddda88ac36c1332a65e6/coverage-7.10.0-cp313-cp313-manylinux2014_aarch64.manylinux_2_17_aarch64.manylinux_2_28_aarch64.whl", hash = "sha256:91f97e9637dc7977842776fdb7ad142075d6fa40bc1b91cb73685265e0d31d32", size = 249733 },
    { url = "https://files.pythonhosted.org/packages/b2/db/104b713b3b74752ee365346677fb104765923982ae7bd93b95ca41fe256b/coverage-7.10.0-cp313-cp313-musllinux_1_2_aarch64.whl", hash = "sha256:ae4fa92b6601a62367c6c9967ad32ad4e28a89af54b6bb37d740946b0e0534dd", size = 247943 },
    { url = "https://files.pythonhosted.org/packages/32/4f/bef25c797c9496cf31ae9cfa93ce96b4414cacf13688e4a6000982772fd5/coverage-7.10.0-cp313-cp313-musllinux_1_2_i686.whl", hash = "sha256:3a5cc8b97473e7b3623dd17a42d2194a2b49de8afecf8d7d03c8987237a9552c", size = 245914 },
    { url = "https://files.pythonhosted.org/packages/36/6b/b3efa0b506dbb9a37830d6dc862438fe3ad2833c5f889152bce24d9577cf/coverage-7.10.0-cp313-cp313-musllinux_1_2_x86_64.whl", hash = "sha256:dc1cbb7f623250e047c32bd7aa1bb62ebc62608d5004d74df095e1059141ac88", size = 247296 },
    { url = "https://files.pythonhosted.org/packages/1f/aa/95a845266aeacab4c57b08e0f4e0e2899b07809a18fd0c1ddef2ac2c9138/coverage-7.10.0-cp313-cp313-win32.whl", hash = "sha256:1380cc5666d778e77f1587cd88cc317158111f44d54c0dd3975f0936993284e0", size = 217566 },
    { url = "https://files.pythonhosted.org/packages/a0/d1/27b6e5073a8026b9e0f4224f1ac53217ce589a4cdab1bee878f23bff64f0/coverage-7.10.0-cp313-cp313-win_amd64.whl", hash = "sha256:bf03cf176af098ee578b754a03add4690b82bdfe070adfb5d192d0b1cd15cf82", size = 218337 },
    { url = "https://files.pythonhosted.org/packages/c7/06/0e3ba498b11e2245fd96bd7e8dcdf90e1dd36d57f49f308aa650ff0561b8/coverage-7.10.0-cp313-cp313-win_arm64.whl", hash = "sha256:8041c78cd145088116db2329b2fb6e89dc338116c962fbe654b7e9f5d72ab957", size = 216740 },
    { url = "https://files.pythonhosted.org/packages/44/8b/11529debbe3e6b39ef6e7c8912554724adc6dc10adbb617a855ecfd387eb/coverage-7.10.0-cp313-cp313t-macosx_10_13_x86_64.whl", hash = "sha256:37cc2c06052771f48651160c080a86431884db9cd62ba622cab71049b90a95b3", size = 215866 },
    { url = "https://files.pythonhosted.org/packages/9c/6d/d8981310879e395f39af66536665b75135b1bc88dd21c7764e3340e9ce69/coverage-7.10.0-cp313-cp313t-macosx_11_0_arm64.whl", hash = "sha256:91f37270b16178b05fa107d85713d29bf21606e37b652d38646eef5f2dfbd458", size = 216083 },
    { url = "https://files.pythonhosted.org/packages/c3/84/93295402de002de8b8c953bf6a1f19687174c4db7d44c1e85ffc153a772d/coverage-7.10.0-cp313-cp313t-manylinux1_i686.manylinux_2_28_i686.manylinux_2_5_i686.whl", hash = "sha256:f9b0b0168864d09bcb9a3837548f75121645c4cfd0efce0eb994c221955c5b10", size = 257320 },
    { url = "https://files.pythonhosted.org/packages/02/5c/d0540db4869954dac0f69ad709adcd51f3a73ab11fcc9435ee76c518944a/coverage-7.10.0-cp313-cp313t-manylinux1_x86_64.manylinux_2_28_x86_64.manylinux_2_5_x86_64.whl", hash = "sha256:df0be435d3b616e7d3ee3f9ebbc0d784a213986fe5dff9c6f1042ee7cfd30157", size = 259182 },
    { url = "https://files.pythonhosted.org/packages/59/b2/d7d57a41a15ca4b47290862efd6b596d0a185bfd26f15d04db9f238aa56c/coverage-7.10.0-cp313-cp313t-manylinux2014_aarch64.manylinux_2_17_aarch64.manylinux_2_28_aarch64.whl", hash = "sha256:35e9aba1c4434b837b1d567a533feba5ce205e8e91179c97974b28a14c23d3a0", size = 261322 },
    { url = "https://files.pythonhosted.org/packages/16/92/fd828ae411b3da63673305617b6fbeccc09feb7dfe397d164f55a65cd880/coverage-7.10.0-cp313-cp313t-musllinux_1_2_aarch64.whl", hash = "sha256:a0b0c481e74dfad631bdc2c883e57d8b058e5c90ba8ef087600995daf7bbec18", size = 258914 },
    { url = "https://files.pythonhosted.org/packages/28/49/4aa5f5464b2e1215640c0400c5b007e7f5cdade8bf39c55c33b02f3a8c7f/coverage-7.10.0-cp313-cp313t-musllinux_1_2_i686.whl", hash = "sha256:8aec1b7c8922808a433c13cd44ace6fceac0609f4587773f6c8217a06102674b", size = 257051 },
    { url = "https://files.pythonhosted.org/packages/1e/5a/ded2346098c7f48ff6e135b5005b97de4cd9daec5c39adb4ecf3a60967da/coverage-7.10.0-cp313-cp313t-musllinux_1_2_x86_64.whl", hash = "sha256:04ec59ceb3a594af0927f2e0d810e1221212abd9a2e6b5b917769ff48760b460", size = 257869 },
    { url = "https://files.pythonhosted.org/packages/46/66/e06cedb8fc7d1c96630b2f549b8cdc084e2623dcc70c900cb3b705a36a60/coverage-7.10.0-cp313-cp313t-win32.whl", hash = "sha256:b6871e62d29646eb9b3f5f92def59e7575daea1587db21f99e2b19561187abda", size = 218243 },
    { url = "https://files.pythonhosted.org/packages/e7/1e/e84dd5ff35ed066bd6150e5c26fe0061ded2c59c209fd4f18db0650766c0/coverage-7.10.0-cp313-cp313t-win_amd64.whl", hash = "sha256:ff99cff2be44f78920b76803f782e91ffb46ccc7fa89eccccc0da3ca94285b64", size = 219334 },
    { url = "https://files.pythonhosted.org/packages/b7/e0/b7b60b5dbc4e88eac0a0e9d5b4762409a59b29bf4e772b3509c8543ccaba/coverage-7.10.0-cp313-cp313t-win_arm64.whl", hash = "sha256:3246b63501348fe47299d12c47a27cfc221cfbffa1c2d857bcc8151323a4ae4f", size = 217196 },
    { url = "https://files.pythonhosted.org/packages/15/c1/597b4fa7d6c0861d4916c4fe5c45bf30c11b31a3b07fedffed23dec5f765/coverage-7.10.0-cp314-cp314-macosx_10_13_x86_64.whl", hash = "sha256:1f628d91f941a375b4503cb486148dbeeffb48e17bc080e0f0adfee729361574", size = 215139 },
    { url = "https://files.pythonhosted.org/packages/18/47/07973dcad0161355cf01ff0023ab34466b735deb460a178f37163d7c800e/coverage-7.10.0-cp314-cp314-macosx_11_0_arm64.whl", hash = "sha256:3a0e101d5af952d233557e445f42ebace20b06b4ceb615581595ced5386caa78", size = 215419 },
    { url = "https://files.pythonhosted.org/packages/f6/f8/c65127782da312084ef909c1531226c869bfe22dac8b92d9c609d8150131/coverage-7.10.0-cp314-cp314-manylinux1_i686.manylinux_2_28_i686.manylinux_2_5_i686.whl", hash = "sha256:ec4c1abbcc53f9f650acb14ea71725d88246a9e14ed42f8dd1b4e1b694e9d842", size = 245917 },
    { url = "https://files.pythonhosted.org/packages/05/97/a7f2fe79b6ae759ccc8740608cf9686ae406cc5e5591947ebbf1d679a325/coverage-7.10.0-cp314-cp314-manylinux1_x86_64.manylinux_2_28_x86_64.manylinux_2_5_x86_64.whl", hash = "sha256:9c95f3a7f041b4cc68a8e3fecfa6366170c13ac773841049f1cd19c8650094e0", size = 248225 },
    { url = "https://files.pythonhosted.org/packages/7f/d3/d2e1496d7ac3340356c5de582e08e14b02933e254924f79d18e9749269d8/coverage-7.10.0-cp314-cp314-manylinux2014_aarch64.manylinux_2_17_aarch64.manylinux_2_28_aarch64.whl", hash = "sha256:8a2cd597b69c16d24e310611f2ed6fcfb8f09429316038c03a57e7b4f5345244", size = 249844 },
    { url = "https://files.pythonhosted.org/packages/e5/7e/e26d966c9cae62500e5924107974ede2e985f7d119d10ed44d102998e509/coverage-7.10.0-cp314-cp314-musllinux_1_2_aarch64.whl", hash = "sha256:5e18591906a40c2b3609196c9879136aa4a47c5405052ca6b065ab10cb0b71d0", size = 247871 },
    { url = "https://files.pythonhosted.org/packages/59/95/6a372a292dfb9d6e2cc019fc50878f7a6a5fbe704604018d7c5c1dbffb2d/coverage-7.10.0-cp314-cp314-musllinux_1_2_i686.whl", hash = "sha256:485c55744252ed3f300cc1a0f5f365e684a0f2651a7aed301f7a67125906b80e", size = 245714 },
    { url = "https://files.pythonhosted.org/packages/02/7f/63da22b7bc4e82e2c1df7755223291fc94fb01942cfe75e19f2bed96129e/coverage-7.10.0-cp314-cp314-musllinux_1_2_x86_64.whl", hash = "sha256:4dabea1516e5b0e9577282b149c8015e4dceeb606da66fb8d9d75932d5799bf5", size = 247131 },
    { url = "https://files.pythonhosted.org/packages/3d/af/883272555e34872879f48daea4207489cb36df249e3069e6a8a664dc6ba6/coverage-7.10.0-cp314-cp314-win32.whl", hash = "sha256:ac455f0537af22333fdc23b824cff81110dff2d47300bb2490f947b7c9a16017", size = 217804 },
    { url = "https://files.pythonhosted.org/packages/90/f6/7afc3439994b7f7311d858438d49eef8b06eadbf2322502d921a110fae1e/coverage-7.10.0-cp314-cp314-win_amd64.whl", hash = "sha256:b3c94b532f52f95f36fbfde3e178510a4d04eea640b484b2fe8f1491338dc653", size = 218596 },
    { url = "https://files.pythonhosted.org/packages/0b/99/7c715cfa155609ee3e71bc81b4d1265e1a9b79ad00cc3d19917ea736cbac/coverage-7.10.0-cp314-cp314-win_arm64.whl", hash = "sha256:2f807f2c3a9da99c80dfa73f09ef5fc3bd21e70c73ba1c538f23396a3a772252", size = 216960 },
    { url = "https://files.pythonhosted.org/packages/59/18/5cb476346d3842f2e42cd92614a91921ebad38aa97aba63f2aab51919e35/coverage-7.10.0-cp314-cp314t-macosx_10_13_x86_64.whl", hash = "sha256:0a889ef25215990f65073c32cadf37483363a6a22914186dedc15a6b1a597d50", size = 215881 },
    { url = "https://files.pythonhosted.org/packages/80/1b/c066d6836f4c1940a8df14894a5ec99db362838fdd9eee9fb7efe0e561d2/coverage-7.10.0-cp314-cp314t-macosx_11_0_arm64.whl", hash = "sha256:39c638ecf3123805bacbf71aff8091e93af490c676fca10ab4e442375076e483", size = 216087 },
    { url = "https://files.pythonhosted.org/packages/1d/57/f0996fd468e70d4d24d69eba10ecc2b913c2e85d9f3c1bb2075ad7554c05/coverage-7.10.0-cp314-cp314t-manylinux1_i686.manylinux_2_28_i686.manylinux_2_5_i686.whl", hash = "sha256:f2f2c0df0cbcf7dffa14f88a99c530cdef3f4fcfe935fa4f95d28be2e7ebc570", size = 257408 },
    { url = "https://files.pythonhosted.org/packages/36/78/c9f308b2b986cc685d4964a3b829b053817a07d7ba14ff124cf06154402e/coverage-7.10.0-cp314-cp314t-manylinux1_x86_64.manylinux_2_28_x86_64.manylinux_2_5_x86_64.whl", hash = "sha256:048d19a5d641a2296745ab59f34a27b89a08c48d6d432685f22aac0ec1ea447f", size = 259373 },
    { url = "https://files.pythonhosted.org/packages/99/13/192827b71da71255d3554cb7dc289bce561cb281bda27e1b0dd19d88e47d/coverage-7.10.0-cp314-cp314t-manylinux2014_aarch64.manylinux_2_17_aarch64.manylinux_2_28_aarch64.whl", hash = "sha256:1209b65d302d7a762004be37ab9396cbd8c99525ed572bdf455477e3a9449e06", size = 261495 },
    { url = "https://files.pythonhosted.org/packages/0d/5c/cf4694353405abbb440a94468df8e5c4dbf884635da1f056b43be7284d28/coverage-7.10.0-cp314-cp314t-musllinux_1_2_aarch64.whl", hash = "sha256:e44aa79a36a7a0aec6ea109905a4a7c28552d90f34e5941b36217ae9556657d5", size = 258970 },
    { url = "https://files.pythonhosted.org/packages/c7/83/fb45dac65c42eff6ce4153fe51b9f2a9fdc832ce57b7902ab9ff216c3faa/coverage-7.10.0-cp314-cp314t-musllinux_1_2_i686.whl", hash = "sha256:96124be864b89395770c9a14652afcddbcdafb99466f53a9281c51d1466fb741", size = 257046 },
    { url = "https://files.pythonhosted.org/packages/60/95/577dc757c01f493a1951157475dd44561c82084387f12635974fb62e848c/coverage-7.10.0-cp314-cp314t-musllinux_1_2_x86_64.whl", hash = "sha256:aad222e841f94b42bd1d6be71737fade66943853f0807cf87887c88f70883a2a", size = 257946 },
    { url = "https://files.pythonhosted.org/packages/da/5a/14b1be12e3a71fcf4031464ae285dab7df0939976236d0462c4c5382d317/coverage-7.10.0-cp314-cp314t-win32.whl", hash = "sha256:0eed5354d28caa5c8ad60e07e938f253e4b2810ea7dd56784339b6ce98b6f104", size = 218602 },
    { url = "https://files.pythonhosted.org/packages/a0/8d/c32890c0f4f7f71b8d4a1074ef8e9ef28e9b9c2f9fd0e2896f2cc32593bf/coverage-7.10.0-cp314-cp314t-win_amd64.whl", hash = "sha256:3da35f9980058acb960b2644527cc3911f1e00f94d309d704b309fa984029109", size = 219720 },
    { url = "https://files.pythonhosted.org/packages/22/f7/e5cc13338aa5e2780b6226fb50e9bd8f3f88da85a4b2951447b4b51109a4/coverage-7.10.0-cp314-cp314t-win_arm64.whl", hash = "sha256:cb9e138dfa8a4b5c52c92a537651e2ca4f2ca48d8cb1bc01a2cbe7a5773c2426", size = 217374 },
    { url = "https://files.pythonhosted.org/packages/09/df/7c34bada8ace39f688b3bd5bc411459a20a3204ccb0984c90169a80a9366/coverage-7.10.0-py3-none-any.whl", hash = "sha256:310a786330bb0463775c21d68e26e79973839b66d29e065c5787122b8dd4489f", size = 206777 },
]

[[package]]
name = "diskcache"
version = "5.6.3"
source = { registry = "https://pypi.org/simple" }
sdist = { url = "https://files.pythonhosted.org/packages/3f/21/1c1ffc1a039ddcc459db43cc108658f32c57d271d7289a2794e401d0fdb6/diskcache-5.6.3.tar.gz", hash = "sha256:2c3a3fa2743d8535d832ec61c2054a1641f41775aa7c556758a109941e33e4fc", size = 67916 }
wheels = [
    { url = "https://files.pythonhosted.org/packages/3f/27/4570e78fc0bf5ea0ca45eb1de3818a23787af9b390c0b0a0033a1b8236f9/diskcache-5.6.3-py3-none-any.whl", hash = "sha256:5e31b2d5fbad117cc363ebaf6b689474db18a1f6438bc82358b024abd4c2ca19", size = 45550 },
]

[[package]]
name = "gunicorn"
version = "23.0.0"
source = { registry = "https://pypi.org/simple" }
dependencies = [
    { name = "packaging" },
]
sdist = { url = "https://files.pythonhosted.org/packages/34/72/9614c465dc206155d93eff0ca20d42e1e35afc533971379482de953521a4/gunicorn-23.0.0.tar.gz", hash = "sha256:f014447a0101dc57e294f6c18ca6b40227a4c90e9bdb586042628030cba004ec", size = 375031 }
wheels = [
    { url = "https://files.pythonhosted.org/packages/cb/7d/6dac2a6e1eba33ee43f318edbed4ff29151a49b5d37f080aad1e6469bca4/gunicorn-23.0.0-py3-none-any.whl", hash = "sha256:ec400d38950de4dfd418cff8328b2c8faed0edb0d517d3394e457c317908ca4d", size = 85029 },
]

[[package]]
name = "iniconfig"
version = "2.1.0"
source = { registry = "https://pypi.org/simple" }
sdist = { url = "https://files.pythonhosted.org/packages/f2/97/ebf4da567aa6827c909642694d71c9fcf53e5b504f2d96afea02718862f3/iniconfig-2.1.0.tar.gz", hash = "sha256:3abbd2e30b36733fee78f9c7f7308f2d0050e88f0087fd25c2645f63c773e1c7", size = 4793 }
wheels = [
    { url = "https://files.pythonhosted.org/packages/2c/e1/e6716421ea10d38022b952c159d5161ca1193197fb744506875fbb87ea7b/iniconfig-2.1.0-py3-none-any.whl", hash = "sha256:9deba5723312380e77435581c6bf4935c94cbfab9b1ed33ef8d238ea168eb760", size = 6050 },
]

[[package]]
name = "lxml"
version = "6.0.0"
source = { registry = "https://pypi.org/simple" }
sdist = { url = "https://files.pythonhosted.org/packages/c5/ed/60eb6fa2923602fba988d9ca7c5cdbd7cf25faa795162ed538b527a35411/lxml-6.0.0.tar.gz", hash = "sha256:032e65120339d44cdc3efc326c9f660f5f7205f3a535c1fdbf898b29ea01fb72", size = 4096938 }
wheels = [
    { url = "https://files.pythonhosted.org/packages/89/c3/d01d735c298d7e0ddcedf6f028bf556577e5ab4f4da45175ecd909c79378/lxml-6.0.0-cp312-cp312-macosx_10_13_universal2.whl", hash = "sha256:78718d8454a6e928470d511bf8ac93f469283a45c354995f7d19e77292f26108", size = 8429515 },
    { url = "https://files.pythonhosted.org/packages/06/37/0e3eae3043d366b73da55a86274a590bae76dc45aa004b7042e6f97803b1/lxml-6.0.0-cp312-cp312-macosx_10_13_x86_64.whl", hash = "sha256:84ef591495ffd3f9dcabffd6391db7bb70d7230b5c35ef5148354a134f56f2be", size = 4601387 },
    { url = "https://files.pythonhosted.org/packages/a3/28/e1a9a881e6d6e29dda13d633885d13acb0058f65e95da67841c8dd02b4a8/lxml-6.0.0-cp312-cp312-manylinux2010_i686.manylinux2014_i686.manylinux_2_12_i686.manylinux_2_17_i686.whl", hash = "sha256:2930aa001a3776c3e2601cb8e0a15d21b8270528d89cc308be4843ade546b9ab", size = 5228928 },
    { url = "https://files.pythonhosted.org/packages/9a/55/2cb24ea48aa30c99f805921c1c7860c1f45c0e811e44ee4e6a155668de06/lxml-6.0.0-cp312-cp312-manylinux2014_aarch64.manylinux_2_17_aarch64.whl", hash = "sha256:219e0431ea8006e15005767f0351e3f7f9143e793e58519dc97fe9e07fae5563", size = 4952289 },
    { url = "https://files.pythonhosted.org/packages/31/c0/b25d9528df296b9a3306ba21ff982fc5b698c45ab78b94d18c2d6ae71fd9/lxml-6.0.0-cp312-cp312-manylinux2014_x86_64.manylinux_2_17_x86_64.whl", hash = "sha256:bd5913b4972681ffc9718bc2d4c53cde39ef81415e1671ff93e9aa30b46595e7", size = 5111310 },
    { url = "https://files.pythonhosted.org/packages/e9/af/681a8b3e4f668bea6e6514cbcb297beb6de2b641e70f09d3d78655f4f44c/lxml-6.0.0-cp312-cp312-manylinux_2_27_aarch64.manylinux_2_28_aarch64.whl", hash = "sha256:390240baeb9f415a82eefc2e13285016f9c8b5ad71ec80574ae8fa9605093cd7", size = 5025457 },
    { url = "https://files.pythonhosted.org/packages/99/b6/3a7971aa05b7be7dfebc7ab57262ec527775c2c3c5b2f43675cac0458cad/lxml-6.0.0-cp312-cp312-manylinux_2_27_ppc64le.manylinux_2_28_ppc64le.whl", hash = "sha256:d6e200909a119626744dd81bae409fc44134389e03fbf1d68ed2a55a2fb10991", size = 5657016 },
    { url = "https://files.pythonhosted.org/packages/69/f8/693b1a10a891197143c0673fcce5b75fc69132afa81a36e4568c12c8faba/lxml-6.0.0-cp312-cp312-manylinux_2_27_x86_64.manylinux_2_28_x86_64.whl", hash = "sha256:ca50bd612438258a91b5b3788c6621c1f05c8c478e7951899f492be42defc0da", size = 5257565 },
    { url = "https://files.pythonhosted.org/packages/a8/96/e08ff98f2c6426c98c8964513c5dab8d6eb81dadcd0af6f0c538ada78d33/lxml-6.0.0-cp312-cp312-manylinux_2_31_armv7l.whl", hash = "sha256:c24b8efd9c0f62bad0439283c2c795ef916c5a6b75f03c17799775c7ae3c0c9e", size = 4713390 },
    { url = "https://files.pythonhosted.org/packages/a8/83/6184aba6cc94d7413959f6f8f54807dc318fdcd4985c347fe3ea6937f772/lxml-6.0.0-cp312-cp312-musllinux_1_2_aarch64.whl", hash = "sha256:afd27d8629ae94c5d863e32ab0e1d5590371d296b87dae0a751fb22bf3685741", size = 5066103 },
    { url = "https://files.pythonhosted.org/packages/ee/01/8bf1f4035852d0ff2e36a4d9aacdbcc57e93a6cd35a54e05fa984cdf73ab/lxml-6.0.0-cp312-cp312-musllinux_1_2_armv7l.whl", hash = "sha256:54c4855eabd9fc29707d30141be99e5cd1102e7d2258d2892314cf4c110726c3", size = 4791428 },
    { url = "https://files.pythonhosted.org/packages/29/31/c0267d03b16954a85ed6b065116b621d37f559553d9339c7dcc4943a76f1/lxml-6.0.0-cp312-cp312-musllinux_1_2_ppc64le.whl", hash = "sha256:c907516d49f77f6cd8ead1322198bdfd902003c3c330c77a1c5f3cc32a0e4d16", size = 5678523 },
    { url = "https://files.pythonhosted.org/packages/5c/f7/5495829a864bc5f8b0798d2b52a807c89966523140f3d6fa3a58ab6720ea/lxml-6.0.0-cp312-cp312-musllinux_1_2_x86_64.whl", hash = "sha256:36531f81c8214e293097cd2b7873f178997dae33d3667caaae8bdfb9666b76c0", size = 5281290 },
    { url = "https://files.pythonhosted.org/packages/79/56/6b8edb79d9ed294ccc4e881f4db1023af56ba451909b9ce79f2a2cd7c532/lxml-6.0.0-cp312-cp312-win32.whl", hash = "sha256:690b20e3388a7ec98e899fd54c924e50ba6693874aa65ef9cb53de7f7de9d64a", size = 3613495 },
    { url = "https://files.pythonhosted.org/packages/0b/1e/cc32034b40ad6af80b6fd9b66301fc0f180f300002e5c3eb5a6110a93317/lxml-6.0.0-cp312-cp312-win_amd64.whl", hash = "sha256:310b719b695b3dd442cdfbbe64936b2f2e231bb91d998e99e6f0daf991a3eba3", size = 4014711 },
    { url = "https://files.pythonhosted.org/packages/55/10/dc8e5290ae4c94bdc1a4c55865be7e1f31dfd857a88b21cbba68b5fea61b/lxml-6.0.0-cp312-cp312-win_arm64.whl", hash = "sha256:8cb26f51c82d77483cdcd2b4a53cda55bbee29b3c2f3ddeb47182a2a9064e4eb", size = 3674431 },
    { url = "https://files.pythonhosted.org/packages/79/21/6e7c060822a3c954ff085e5e1b94b4a25757c06529eac91e550f3f5cd8b8/lxml-6.0.0-cp313-cp313-macosx_10_13_universal2.whl", hash = "sha256:6da7cd4f405fd7db56e51e96bff0865b9853ae70df0e6720624049da76bde2da", size = 8414372 },
    { url = "https://files.pythonhosted.org/packages/a4/f6/051b1607a459db670fc3a244fa4f06f101a8adf86cda263d1a56b3a4f9d5/lxml-6.0.0-cp313-cp313-macosx_10_13_x86_64.whl", hash = "sha256:b34339898bb556a2351a1830f88f751679f343eabf9cf05841c95b165152c9e7", size = 4593940 },
    { url = "https://files.pythonhosted.org/packages/8e/74/dd595d92a40bda3c687d70d4487b2c7eff93fd63b568acd64fedd2ba00fe/lxml-6.0.0-cp313-cp313-manylinux2010_i686.manylinux2014_i686.manylinux_2_12_i686.manylinux_2_17_i686.whl", hash = "sha256:51a5e4c61a4541bd1cd3ba74766d0c9b6c12d6a1a4964ef60026832aac8e79b3", size = 5214329 },
    { url = "https://files.pythonhosted.org/packages/52/46/3572761efc1bd45fcafb44a63b3b0feeb5b3f0066886821e94b0254f9253/lxml-6.0.0-cp313-cp313-manylinux2014_aarch64.manylinux_2_17_aarch64.whl", hash = "sha256:d18a25b19ca7307045581b18b3ec9ead2b1db5ccd8719c291f0cd0a5cec6cb81", size = 4947559 },
    { url = "https://files.pythonhosted.org/packages/94/8a/5e40de920e67c4f2eef9151097deb9b52d86c95762d8ee238134aff2125d/lxml-6.0.0-cp313-cp313-manylinux2014_x86_64.manylinux_2_17_x86_64.whl", hash = "sha256:d4f0c66df4386b75d2ab1e20a489f30dc7fd9a06a896d64980541506086be1f1", size = 5102143 },
    { url = "https://files.pythonhosted.org/packages/7c/4b/20555bdd75d57945bdabfbc45fdb1a36a1a0ff9eae4653e951b2b79c9209/lxml-6.0.0-cp313-cp313-manylinux_2_27_aarch64.manylinux_2_28_aarch64.whl", hash = "sha256:9f4b481b6cc3a897adb4279216695150bbe7a44c03daba3c894f49d2037e0a24", size = 5021931 },
    { url = "https://files.pythonhosted.org/packages/b6/6e/cf03b412f3763d4ca23b25e70c96a74cfece64cec3addf1c4ec639586b13/lxml-6.0.0-cp313-cp313-manylinux_2_27_ppc64le.manylinux_2_28_ppc64le.whl", hash = "sha256:8a78d6c9168f5bcb20971bf3329c2b83078611fbe1f807baadc64afc70523b3a", size = 5645469 },
    { url = "https://files.pythonhosted.org/packages/d4/dd/39c8507c16db6031f8c1ddf70ed95dbb0a6d466a40002a3522c128aba472/lxml-6.0.0-cp313-cp313-manylinux_2_27_x86_64.manylinux_2_28_x86_64.whl", hash = "sha256:2ae06fbab4f1bb7db4f7c8ca9897dc8db4447d1a2b9bee78474ad403437bcc29", size = 5247467 },
    { url = "https://files.pythonhosted.org/packages/4d/56/732d49def0631ad633844cfb2664563c830173a98d5efd9b172e89a4800d/lxml-6.0.0-cp313-cp313-manylinux_2_31_armv7l.whl", hash = "sha256:1fa377b827ca2023244a06554c6e7dc6828a10aaf74ca41965c5d8a4925aebb4", size = 4720601 },
    { url = "https://files.pythonhosted.org/packages/8f/7f/6b956fab95fa73462bca25d1ea7fc8274ddf68fb8e60b78d56c03b65278e/lxml-6.0.0-cp313-cp313-musllinux_1_2_aarch64.whl", hash = "sha256:1676b56d48048a62ef77a250428d1f31f610763636e0784ba67a9740823988ca", size = 5060227 },
    { url = "https://files.pythonhosted.org/packages/97/06/e851ac2924447e8b15a294855caf3d543424364a143c001014d22c8ca94c/lxml-6.0.0-cp313-cp313-musllinux_1_2_armv7l.whl", hash = "sha256:0e32698462aacc5c1cf6bdfebc9c781821b7e74c79f13e5ffc8bfe27c42b1abf", size = 4790637 },
    { url = "https://files.pythonhosted.org/packages/06/d4/fd216f3cd6625022c25b336c7570d11f4a43adbaf0a56106d3d496f727a7/lxml-6.0.0-cp313-cp313-musllinux_1_2_ppc64le.whl", hash = "sha256:4d6036c3a296707357efb375cfc24bb64cd955b9ec731abf11ebb1e40063949f", size = 5662049 },
    { url = "https://files.pythonhosted.org/packages/52/03/0e764ce00b95e008d76b99d432f1807f3574fb2945b496a17807a1645dbd/lxml-6.0.0-cp313-cp313-musllinux_1_2_x86_64.whl", hash = "sha256:7488a43033c958637b1a08cddc9188eb06d3ad36582cebc7d4815980b47e27ef", size = 5272430 },
    { url = "https://files.pythonhosted.org/packages/5f/01/d48cc141bc47bc1644d20fe97bbd5e8afb30415ec94f146f2f76d0d9d098/lxml-6.0.0-cp313-cp313-win32.whl", hash = "sha256:5fcd7d3b1d8ecb91445bd71b9c88bdbeae528fefee4f379895becfc72298d181", size = 3612896 },
    { url = "https://files.pythonhosted.org/packages/f4/87/6456b9541d186ee7d4cb53bf1b9a0d7f3b1068532676940fdd594ac90865/lxml-6.0.0-cp313-cp313-win_amd64.whl", hash = "sha256:2f34687222b78fff795feeb799a7d44eca2477c3d9d3a46ce17d51a4f383e32e", size = 4013132 },
    { url = "https://files.pythonhosted.org/packages/b7/42/85b3aa8f06ca0d24962f8100f001828e1f1f1a38c954c16e71154ed7d53a/lxml-6.0.0-cp313-cp313-win_arm64.whl", hash = "sha256:21db1ec5525780fd07251636eb5f7acb84003e9382c72c18c542a87c416ade03", size = 3672642 },
]

[[package]]
name = "morss"
source = { editable = "." }
dependencies = [
    { name = "bs4" },
    { name = "chardet" },
    { name = "lxml" },
    { name = "python-dateutil" },
]

[package.optional-dependencies]
dev = [
    { name = "pyenchant" },
    { name = "pytest" },
    { name = "pytest-cov" },
]
full = [
    { name = "diskcache" },
    { name = "gunicorn" },
    { name = "redis" },
    { name = "setproctitle" },
]

[package.metadata]
requires-dist = [
    { name = "bs4", specifier = ">=0.0.2" },
    { name = "chardet", specifier = ">=5.2.0" },
    { name = "diskcache", marker = "extra == 'full'", specifier = ">=5.6.3" },
    { name = "gunicorn", marker = "extra == 'full'", specifier = ">=23.0.0" },
    { name = "lxml", specifier = ">=5.3.1" },
    { name = "pyenchant", marker = "extra == 'dev'", specifier = ">=3.2.2" },
    { name = "pytest", marker = "extra == 'dev'", specifier = ">=8.3.5" },
    { name = "pytest-cov", marker = "extra == 'dev'", specifier = ">=6.0.0" },
    { name = "python-dateutil", specifier = ">=2.9.0.post0" },
    { name = "redis", marker = "extra == 'full'", specifier = ">=5.2.1" },
    { name = "setproctitle", marker = "extra == 'full'", specifier = ">=1.3.5" },
]
provides-extras = ["dev", "full"]

[[package]]
name = "packaging"
version = "25.0"
source = { registry = "https://pypi.org/simple" }
sdist = { url = "https://files.pythonhosted.org/packages/a1/d4/1fc4078c65507b51b96ca8f8c3ba19e6a61c8253c72794544580a7b6c24d/packaging-25.0.tar.gz", hash = "sha256:d443872c98d677bf60f6a1f2f8c1cb748e8fe762d2bf9d3148b5599295b0fc4f", size = 165727 }
wheels = [
    { url = "https://files.pythonhosted.org/packages/20/12/38679034af332785aac8774540895e234f4d07f7545804097de4b666afd8/packaging-25.0-py3-none-any.whl", hash = "sha256:29572ef2b1f17581046b3a2227d5c611fb25ec70ca1ba8554b24b0e69331a484", size = 66469 },
]

[[package]]
name = "pluggy"
version = "1.6.0"
source = { registry = "https://pypi.org/simple" }
sdist = { url = "https://files.pythonhosted.org/packages/f9/e2/3e91f31a7d2b083fe6ef3fa267035b518369d9511ffab804f839851d2779/pluggy-1.6.0.tar.gz", hash = "sha256:7dcc130b76258d33b90f61b658791dede3486c3e6bfb003ee5c9bfb396dd22f3", size = 69412 }
wheels = [
    { url = "https://files.pythonhosted.org/packages/54/20/4d324d65cc6d9205fabedc306948156824eb9f0ee1633355a8f7ec5c66bf/pluggy-1.6.0-py3-none-any.whl", hash = "sha256:e920276dd6813095e9377c0bc5566d94c932c33b27a3e3945d8389c374dd4746", size = 20538 },
]

[[package]]
name = "pyenchant"
version = "3.2.2"
source = { registry = "https://pypi.org/simple" }
sdist = { url = "https://files.pythonhosted.org/packages/b1/a3/86763b6350727ca81c8fcc5bb5bccee416e902e0085dc7a902c81233717e/pyenchant-3.2.2.tar.gz", hash = "sha256:1cf830c6614362a78aab78d50eaf7c6c93831369c52e1bb64ffae1df0341e637", size = 49580 }
wheels = [
    { url = "https://files.pythonhosted.org/packages/54/4c/a741dddab6ad96f257d90cb4d23067ffadac526c9cab3a99ca6ce3c05477/pyenchant-3.2.2-py3-none-any.whl", hash = "sha256:5facc821ece957208a81423af7d6ec7810dad29697cb0d77aae81e4e11c8e5a6", size = 55660 },
    { url = "https://files.pythonhosted.org/packages/01/44/1e9a273d230abf5c961750a75e42b449adfb61eb446f80b6523955d2a4a2/pyenchant-3.2.2-py3-none-win32.whl", hash = "sha256:5a636832987eaf26efe971968f4d1b78e81f62bca2bde0a9da210c7de43c3bce", size = 11884084 },
    { url = "https://files.pythonhosted.org/packages/49/96/2087455de16b08e86fa7ce70b53ddac5fcc040c899d9ebad507a0efec52d/pyenchant-3.2.2-py3-none-win_amd64.whl", hash = "sha256:6153f521852e23a5add923dbacfbf4bebbb8d70c4e4bad609a8e0f9faeb915d1", size = 11890882 },
]

[[package]]
name = "pygments"
version = "2.19.2"
source = { registry = "https://pypi.org/simple" }
sdist = { url = "https://files.pythonhosted.org/packages/b0/77/a5b8c569bf593b0140bde72ea885a803b82086995367bf2037de0159d924/pygments-2.19.2.tar.gz", hash = "sha256:636cb2477cec7f8952536970bc533bc43743542f70392ae026374600add5b887", size = 4968631 }
wheels = [
    { url = "https://files.pythonhosted.org/packages/c7/21/705964c7812476f378728bdf590ca4b771ec72385c533964653c68e86bdc/pygments-2.19.2-py3-none-any.whl", hash = "sha256:86540386c03d588bb81d44bc3928634ff26449851e99741617ecb9037ee5ec0b", size = 1225217 },
]

[[package]]
name = "pytest"
version = "8.4.1"
source = { registry = "https://pypi.org/simple" }
dependencies = [
    { name = "colorama", marker = "sys_platform == 'win32'" },
    { name = "iniconfig" },
    { name = "packaging" },
    { name = "pluggy" },
    { name = "pygments" },
]
sdist = { url = "https://files.pythonhosted.org/packages/08/ba/45911d754e8eba3d5a841a5ce61a65a685ff1798421ac054f85aa8747dfb/pytest-8.4.1.tar.gz", hash = "sha256:7c67fd69174877359ed9371ec3af8a3d2b04741818c51e5e99cc1742251fa93c", size = 1517714 }
wheels = [
    { url = "https://files.pythonhosted.org/packages/29/16/c8a903f4c4dffe7a12843191437d7cd8e32751d5de349d45d3fe69544e87/pytest-8.4.1-py3-none-any.whl", hash = "sha256:539c70ba6fcead8e78eebbf1115e8b589e7565830d7d006a8723f19ac8a0afb7", size = 365474 },
]

[[package]]
name = "pytest-cov"
version = "6.2.1"
source = { registry = "https://pypi.org/simple" }
dependencies = [
    { name = "coverage" },
    { name = "pluggy" },
    { name = "pytest" },
]
sdist = { url = "https://files.pythonhosted.org/packages/18/99/668cade231f434aaa59bbfbf49469068d2ddd945000621d3d165d2e7dd7b/pytest_cov-6.2.1.tar.gz", hash = "sha256:25cc6cc0a5358204b8108ecedc51a9b57b34cc6b8c967cc2c01a4e00d8a67da2", size = 69432 }
wheels = [
    { url = "https://files.pythonhosted.org/packages/bc/16/4ea354101abb1287856baa4af2732be351c7bee728065aed451b678153fd/pytest_cov-6.2.1-py3-none-any.whl", hash = "sha256:f5bc4c23f42f1cdd23c70b1dab1bbaef4fc505ba950d53e0081d0730dd7e86d5", size = 24644 },
]

[[package]]
name = "python-dateutil"
version = "2.9.0.post0"
source = { registry = "https://pypi.org/simple" }
dependencies = [
    { name = "six" },
]
sdist = { url = "https://files.pythonhosted.org/packages/66/c0/0c8b6ad9f17a802ee498c46e004a0eb49bc148f2fd230864601a86dcf6db/python-dateutil-2.9.0.post0.tar.gz", hash = "sha256:37dd54208da7e1cd875388217d5e00ebd4179249f90fb72437e91a35459a0ad3", size = 342432 }
wheels = [
    { url = "https://files.pythonhosted.org/packages/ec/57/56b9bcc3c9c6a792fcbaf139543cee77261f3651ca9da0c93f5c1221264b/python_dateutil-2.9.0.post0-py2.py3-none-any.whl", hash = "sha256:a8b2bc7bffae282281c8140a97d3aa9c14da0b136dfe83f850eea9a5f7470427", size = 229892 },
]

[[package]]
name = "redis"
version = "6.2.0"
source = { registry = "https://pypi.org/simple" }
sdist = { url = "https://files.pythonhosted.org/packages/ea/9a/0551e01ba52b944f97480721656578c8a7c46b51b99d66814f85fe3a4f3e/redis-6.2.0.tar.gz", hash = "sha256:e821f129b75dde6cb99dd35e5c76e8c49512a5a0d8dfdc560b2fbd44b85ca977", size = 4639129 }
wheels = [
    { url = "https://files.pythonhosted.org/packages/13/67/e60968d3b0e077495a8fee89cf3f2373db98e528288a48f1ee44967f6e8c/redis-6.2.0-py3-none-any.whl", hash = "sha256:c8ddf316ee0aab65f04a11229e94a64b2618451dab7a67cb2f77eb799d872d5e", size = 278659 },
]

[[package]]
name = "setproctitle"
version = "1.3.6"
source = { registry = "https://pypi.org/simple" }
sdist = { url = "https://files.pythonhosted.org/packages/9e/af/56efe21c53ac81ac87e000b15e60b3d8104224b4313b6eacac3597bd183d/setproctitle-1.3.6.tar.gz", hash = "sha256:c9f32b96c700bb384f33f7cf07954bb609d35dd82752cef57fb2ee0968409169", size = 26889 }
wheels = [
    { url = "https://files.pythonhosted.org/packages/8f/fb/99456fd94d4207c5f6c40746a048a33a52b4239cd7d9c8d4889e2210ec82/setproctitle-1.3.6-cp312-cp312-macosx_10_13_universal2.whl", hash = "sha256:af44bb7a1af163806bbb679eb8432fa7b4fb6d83a5d403b541b675dcd3798638", size = 17399 },
    { url = "https://files.pythonhosted.org/packages/d5/48/9699191fe6062827683c43bfa9caac33a2c89f8781dd8c7253fa3dba85fd/setproctitle-1.3.6-cp312-cp312-macosx_11_0_arm64.whl", hash = "sha256:3cca16fd055316a48f0debfcbfb6af7cea715429fc31515ab3fcac05abd527d8", size = 11966 },
    { url = "https://files.pythonhosted.org/packages/33/03/b085d192b9ecb9c7ce6ad6ef30ecf4110b7f39430b58a56245569827fcf4/setproctitle-1.3.6-cp312-cp312-manylinux_2_17_aarch64.manylinux2014_aarch64.whl", hash = "sha256:ea002088d5554fd75e619742cefc78b84a212ba21632e59931b3501f0cfc8f67", size = 32017 },
    { url = "https://files.pythonhosted.org/packages/ae/68/c53162e645816f97212002111420d1b2f75bf6d02632e37e961dc2cd6d8b/setproctitle-1.3.6-cp312-cp312-manylinux_2_17_ppc64le.manylinux2014_ppc64le.whl", hash = "sha256:bb465dd5825356c1191a038a86ee1b8166e3562d6e8add95eec04ab484cfb8a2", size = 33419 },
    { url = "https://files.pythonhosted.org/packages/ac/0d/119a45d15a816a6cf5ccc61b19729f82620095b27a47e0a6838216a95fae/setproctitle-1.3.6-cp312-cp312-manylinux_2_5_i686.manylinux1_i686.manylinux_2_17_i686.manylinux2014_i686.whl", hash = "sha256:d2c8e20487b3b73c1fa72c56f5c89430617296cd380373e7af3a538a82d4cd6d", size = 30711 },
    { url = "https://files.pythonhosted.org/packages/e3/fb/5e9b5068df9e9f31a722a775a5e8322a29a638eaaa3eac5ea7f0b35e6314/setproctitle-1.3.6-cp312-cp312-manylinux_2_5_x86_64.manylinux1_x86_64.manylinux_2_17_x86_64.manylinux2014_x86_64.whl", hash = "sha256:a0d6252098e98129a1decb59b46920d4eca17b0395f3d71b0d327d086fefe77d", size = 31742 },
    { url = "https://files.pythonhosted.org/packages/35/88/54de1e73e8fce87d587889c7eedb48fc4ee2bbe4e4ca6331690d03024f86/setproctitle-1.3.6-cp312-cp312-musllinux_1_2_aarch64.whl", hash = "sha256:cf355fbf0d4275d86f9f57be705d8e5eaa7f8ddb12b24ced2ea6cbd68fdb14dc", size = 31925 },
    { url = "https://files.pythonhosted.org/packages/f3/01/65948d7badd66e63e3db247b923143da142790fa293830fdecf832712c2d/setproctitle-1.3.6-cp312-cp312-musllinux_1_2_i686.whl", hash = "sha256:e288f8a162d663916060beb5e8165a8551312b08efee9cf68302687471a6545d", size = 30981 },
    { url = "https://files.pythonhosted.org/packages/22/20/c495e61786f1d38d5dc340b9d9077fee9be3dfc7e89f515afe12e1526dbc/setproctitle-1.3.6-cp312-cp312-musllinux_1_2_ppc64le.whl", hash = "sha256:b2e54f4a2dc6edf0f5ea5b1d0a608d2af3dcb5aa8c8eeab9c8841b23e1b054fe", size = 33209 },
    { url = "https://files.pythonhosted.org/packages/98/3f/a457b8550fbd34d5b482fe20b8376b529e76bf1fbf9a474a6d9a641ab4ad/setproctitle-1.3.6-cp312-cp312-musllinux_1_2_x86_64.whl", hash = "sha256:b6f4abde9a2946f57e8daaf1160b2351bcf64274ef539e6675c1d945dbd75e2a", size = 31587 },
    { url = "https://files.pythonhosted.org/packages/44/fe/743517340e5a635e3f1c4310baea20c16c66202f96a6f4cead222ffd6d84/setproctitle-1.3.6-cp312-cp312-win32.whl", hash = "sha256:db608db98ccc21248370d30044a60843b3f0f3d34781ceeea67067c508cd5a28", size = 11487 },
    { url = "https://files.pythonhosted.org/packages/60/9a/d88f1c1f0f4efff1bd29d9233583ee341114dda7d9613941453984849674/setproctitle-1.3.6-cp312-cp312-win_amd64.whl", hash = "sha256:082413db8a96b1f021088e8ec23f0a61fec352e649aba20881895815388b66d3", size = 12208 },
    { url = "https://files.pythonhosted.org/packages/89/76/f1a2fdbf9b9602945a7489ba5c52e9863de37381ef1a85a2b9ed0ff8bc79/setproctitle-1.3.6-cp313-cp313-macosx_10_13_universal2.whl", hash = "sha256:e2a9e62647dc040a76d55563580bf3bb8fe1f5b6ead08447c2ed0d7786e5e794", size = 17392 },
    { url = "https://files.pythonhosted.org/packages/5c/5b/4e0db8b10b4543afcb3dbc0827793d46e43ec1de6b377e313af3703d08e0/setproctitle-1.3.6-cp313-cp313-macosx_11_0_arm64.whl", hash = "sha256:751ba352ed922e0af60458e961167fa7b732ac31c0ddd1476a2dfd30ab5958c5", size = 11951 },
    { url = "https://files.pythonhosted.org/packages/dc/fe/d5d00aaa700fe1f6160b6e95c225b29c01f4d9292176d48fd968815163ea/setproctitle-1.3.6-cp313-cp313-manylinux_2_17_aarch64.manylinux2014_aarch64.whl", hash = "sha256:7890e291bf4708e3b61db9069ea39b3ab0651e42923a5e1f4d78a7b9e4b18301", size = 32087 },
    { url = "https://files.pythonhosted.org/packages/9f/b3/894b827b93ef813c082479bebf88185860f01ac243df737823dd705e7fff/setproctitle-1.3.6-cp313-cp313-manylinux_2_17_ppc64le.manylinux2014_ppc64le.whl", hash = "sha256:b2b17855ed7f994f3f259cf2dfbfad78814538536fa1a91b50253d84d87fd88d", size = 33502 },
    { url = "https://files.pythonhosted.org/packages/b2/cd/5330734cca1a4cfcb721432c22cb7899ff15a4101ba868b2ef452ffafea1/setproctitle-1.3.6-cp313-cp313-manylinux_2_5_i686.manylinux1_i686.manylinux_2_17_i686.manylinux2014_i686.whl", hash = "sha256:2e51ec673513465663008ce402171192a053564865c2fc6dc840620871a9bd7c", size = 30713 },
    { url = "https://files.pythonhosted.org/packages/fa/d3/c2590c5daa2e9a008d3f2b16c0f4a351826193be55f147cb32af49c6d814/setproctitle-1.3.6-cp313-cp313-manylinux_2_5_x86_64.manylinux1_x86_64.manylinux_2_17_x86_64.manylinux2014_x86_64.whl", hash = "sha256:63cc10352dc6cf35a33951656aa660d99f25f574eb78132ce41a85001a638aa7", size = 31792 },
    { url = "https://files.pythonhosted.org/packages/e6/b1/c553ed5af8cfcecd5ae7737e63af58a17a03d26f3d61868c7eb20bf7e3cf/setproctitle-1.3.6-cp313-cp313-musllinux_1_2_aarch64.whl", hash = "sha256:0dba8faee2e4a96e934797c9f0f2d093f8239bf210406a99060b3eabe549628e", size = 31927 },
    { url = "https://files.pythonhosted.org/packages/70/78/2d5385206540127a3dca0ff83225b1ac66873f5cc89d4a6d3806c92f5ae2/setproctitle-1.3.6-cp313-cp313-musllinux_1_2_i686.whl", hash = "sha256:e3e44d08b61de0dd6f205528498f834a51a5c06689f8fb182fe26f3a3ce7dca9", size = 30981 },
    { url = "https://files.pythonhosted.org/packages/31/62/e3e4a4e006d0e549748e53cded4ff3b667be0602860fc61b7de8b412b667/setproctitle-1.3.6-cp313-cp313-musllinux_1_2_ppc64le.whl", hash = "sha256:de004939fc3fd0c1200d26ea9264350bfe501ffbf46c8cf5dc7f345f2d87a7f1", size = 33244 },
    { url = "https://files.pythonhosted.org/packages/aa/05/4b223fd4ef94e105dc7aff27fa502fb7200cf52be2bb0c064bd2406b5611/setproctitle-1.3.6-cp313-cp313-musllinux_1_2_x86_64.whl", hash = "sha256:3f8194b4d631b003a1176a75d1acd545e04b1f54b821638e098a93e6e62830ef", size = 31630 },
    { url = "https://files.pythonhosted.org/packages/1b/ba/5f68eb969f7336f54b54a599fd3ffbd7662f9733b080bc8598705971b3dd/setproctitle-1.3.6-cp313-cp313-win32.whl", hash = "sha256:d714e002dd3638170fe7376dc1b686dbac9cb712cde3f7224440af722cc9866a", size = 11480 },
    { url = "https://files.pythonhosted.org/packages/ba/f5/7f47f0ca35c9c357f16187cee9229f3eda0237bc6fdd3061441336f361c0/setproctitle-1.3.6-cp313-cp313-win_amd64.whl", hash = "sha256:b70c07409d465f3a8b34d52f863871fb8a00755370791d2bd1d4f82b3cdaf3d5", size = 12198 },
    { url = "https://files.pythonhosted.org/packages/39/ad/c3941b8fc6b32a976c9e2d9615a90ae793b69cd010ca8c3575dbc822104f/setproctitle-1.3.6-cp313-cp313t-macosx_10_13_universal2.whl", hash = "sha256:23a57d3b8f1549515c2dbe4a2880ebc1f27780dc126c5e064167563e015817f5", size = 17401 },
    { url = "https://files.pythonhosted.org/packages/04/38/a184f857b988d3a9c401e470a4e38182a5c99ee77bf90432d7665e9d35a3/setproctitle-1.3.6-cp313-cp313t-macosx_11_0_arm64.whl", hash = "sha256:81c443310831e29fabbd07b75ebbfa29d0740b56f5907c6af218482d51260431", size = 11959 },
    { url = "https://files.pythonhosted.org/packages/b7/b9/4878ef9d8483adfd1edf6bf95151362aaec0d05aac306a97ff0383f491b5/setproctitle-1.3.6-cp313-cp313t-manylinux_2_17_aarch64.manylinux2014_aarch64.whl", hash = "sha256:d88c63bd395c787b0aa81d8bbc22c1809f311032ce3e823a6517b711129818e4", size = 33463 },
    { url = "https://files.pythonhosted.org/packages/cc/60/3ef49d1931aff2a36a7324a49cca10d77ef03e0278452fd468c33a52d7e3/setproctitle-1.3.6-cp313-cp313t-manylinux_2_17_ppc64le.manylinux2014_ppc64le.whl", hash = "sha256:d73f14b86d0e2858ece6bf5807c9889670e392c001d414b4293d0d9b291942c3", size = 34959 },
    { url = "https://files.pythonhosted.org/packages/81/c6/dee0a973acecefb0db6c9c2e0ea7f18b7e4db773a72e534741ebdee8bbb8/setproctitle-1.3.6-cp313-cp313t-manylinux_2_5_i686.manylinux1_i686.manylinux_2_17_i686.manylinux2014_i686.whl", hash = "sha256:3393859eb8f19f5804049a685bf286cb08d447e28ba5c6d8543c7bf5500d5970", size = 32055 },
    { url = "https://files.pythonhosted.org/packages/ea/a5/5dd5c4192cf18d16349a32a07f728a9a48a2a05178e16966cabd6645903e/setproctitle-1.3.6-cp313-cp313t-manylinux_2_5_x86_64.manylinux1_x86_64.manylinux_2_17_x86_64.manylinux2014_x86_64.whl", hash = "sha256:785cd210c0311d9be28a70e281a914486d62bfd44ac926fcd70cf0b4d65dff1c", size = 32986 },
    { url = "https://files.pythonhosted.org/packages/df/a6/1508d37eb8008670d33f13fcdb91cbd8ef54697276469abbfdd3d4428c59/setproctitle-1.3.6-cp313-cp313t-musllinux_1_2_aarch64.whl", hash = "sha256:c051f46ed1e13ba8214b334cbf21902102807582fbfaf0fef341b9e52f0fafbf", size = 32736 },
    { url = "https://files.pythonhosted.org/packages/1a/73/c84ec8880d543766a12fcd6b65dbd013770974a40577889f357409b0441e/setproctitle-1.3.6-cp313-cp313t-musllinux_1_2_i686.whl", hash = "sha256:49498ebf68ca3e75321ffe634fcea5cc720502bfaa79bd6b03ded92ce0dc3c24", size = 31945 },
    { url = "https://files.pythonhosted.org/packages/95/0a/126b9ff7a406a69a62825fe5bd6d1ba8671919a7018c4f9e2c63f49bfcb6/setproctitle-1.3.6-cp313-cp313t-musllinux_1_2_ppc64le.whl", hash = "sha256:4431629c178193f23c538cb1de3da285a99ccc86b20ee91d81eb5f1a80e0d2ba", size = 34333 },
    { url = "https://files.pythonhosted.org/packages/9a/fd/5474b04f1c013ff460129d2bc774557dd6e186da4667865efef9a83bf378/setproctitle-1.3.6-cp313-cp313t-musllinux_1_2_x86_64.whl", hash = "sha256:d136fbf8ad4321716e44d6d6b3d8dffb4872626010884e07a1db54b7450836cf", size = 32508 },
    { url = "https://files.pythonhosted.org/packages/32/21/2503e38520cb076a7ecaef6a35d6a6fa89cf02af3541c84c811fd7500d20/setproctitle-1.3.6-cp313-cp313t-win32.whl", hash = "sha256:d483cc23cc56ab32911ea0baa0d2d9ea7aa065987f47de847a0a93a58bf57905", size = 11482 },
    { url = "https://files.pythonhosted.org/packages/65/23/7833d75a27fba25ddc5cd3b54cd03c4bf8e18b8e2dbec622eb6326278ce8/setproctitle-1.3.6-cp313-cp313t-win_amd64.whl", hash = "sha256:74973aebea3543ad033b9103db30579ec2b950a466e09f9c2180089e8346e0ec", size = 12209 },
]

[[package]]
name = "six"
version = "1.17.0"
source = { registry = "https://pypi.org/simple" }
sdist = { url = "https://files.pythonhosted.org/packages/94/e7/b2c673351809dca68a0e064b6af791aa332cf192da575fd474ed7d6f16a2/six-1.17.0.tar.gz", hash = "sha256:ff70335d468e7eb6ec65b95b99d3a2836546063f63acc5171de367e834932a81", size = 34031 }
wheels = [
    { url = "https://files.pythonhosted.org/packages/b7/ce/149a00dd41f10bc29e5921b496af8b574d8413afcd5e30dfa0ed46c2cc5e/six-1.17.0-py2.py3-none-any.whl", hash = "sha256:4721f391ed90541fddacab5acf947aa0d3dc7d27b2e1e8eda2be8970586c3274", size = 11050 },
]

[[package]]
name = "soupsieve"
version = "2.7"
source = { registry = "https://pypi.org/simple" }
sdist = { url = "https://files.pythonhosted.org/packages/3f/f4/4a80cd6ef364b2e8b65b15816a843c0980f7a5a2b4dc701fc574952aa19f/soupsieve-2.7.tar.gz", hash = "sha256:ad282f9b6926286d2ead4750552c8a6142bc4c783fd66b0293547c8fe6ae126a", size = 103418 }
wheels = [
    { url = "https://files.pythonhosted.org/packages/e7/9c/0e6afc12c269578be5c0c1c9f4b49a8d32770a080260c333ac04cc1c832d/soupsieve-2.7-py3-none-any.whl", hash = "sha256:6e60cc5c1ffaf1cebcc12e8188320b72071e922c2e897f737cadce79ad5d30c4", size = 36677 },
]

[[package]]
name = "typing-extensions"
version = "4.14.1"
source = { registry = "https://pypi.org/simple" }
sdist = { url = "https://files.pythonhosted.org/packages/98/5a/da40306b885cc8c09109dc2e1abd358d5684b1425678151cdaed4731c822/typing_extensions-4.14.1.tar.gz", hash = "sha256:38b39f4aeeab64884ce9f74c94263ef78f3c22467c8724005483154c26648d36", size = 107673 }
wheels = [
    { url = "https://files.pythonhosted.org/packages/b5/00/d631e67a838026495268c2f6884f3711a15a9a2a96cd244fdaea53b823fb/typing_extensions-4.14.1-py3-none-any.whl", hash = "sha256:d1e1e3b58374dc93031d6eda2420a48ea44a36c2b4766a4fdeb3710755731d76", size = 43906 },
]
